
Microsoft Visual Studio Solution File, Format Version 12.00
# Visual Studio Version 17
Project("{2150E333-8FDC-42A3-9474-1A3956D46DE8}") = "CMakePredefinedTargets", "CMakePredefinedTargets", "{1178F4FA-A493-3450-BB84-5E04B06D11D9}"
EndProject
Project("{2150E333-8FDC-42A3-9474-1A3956D46DE8}") = "External", "External", "{C72778D4-F371-327B-815C-6EC6F40B1A3E}"
EndProject
Project("{2150E333-8FDC-42A3-9474-1A3956D46DE8}") = "Internal", "Internal", "{E36E57AE-DE9E-34C6-9A71-79997D68205C}"
EndProject
Project("{8BC9CEB8-8B4A-11D0-8D11-00A0C91BC942}") = "ALL_BUILD", "ALL_BUILD.vcxproj", "{7F0A3501-A11A-3526-920C-231E43C90185}"
	ProjectSection(ProjectDependencies) = postProject
		{23FE335D-8E5E-3AB8-A9AA-566A523B3D9A} = {23FE335D-8E5E-3AB8-A9AA-566A523B3D9A}
		{F0D325DF-629C-3A55-ACFF-2672FC2D5D0F} = {F0D325DF-629C-3A55-ACFF-2672FC2D5D0F}
		{3D1808A4-319B-3CDF-B765-BB19A488BF7D} = {3D1808A4-319B-3CDF-B765-BB19A488BF7D}
		{F43F31E5-50CD-3937-862D-6CC9E8EDD77A} = {F43F31E5-50CD-3937-862D-6CC9E8EDD77A}
		{AF90E60B-EF67-3EB7-9BE7-027E8D90744D} = {AF90E60B-EF67-3EB7-9BE7-027E8D90744D}
		{E5033FBB-DD73-3963-AA4E-50A5ABA09374} = {E5033FBB-DD73-3963-AA4E-50A5ABA09374}
		{6B63C5CB-0718-3683-AC58-D4DA0EC06E9D} = {6B63C5CB-0718-3683-AC58-D4DA0EC06E9D}
		{3FE94BAE-B109-3817-A449-80F204FFEB53} = {3FE94BAE-B109-3817-A449-80F204FFEB53}
		{A86613A0-5804-3610-8DE2-2C5E417F5E24} = {A86613A0-5804-3610-8DE2-2C5E417F5E24}
		{91ABE5C8-BCBE-35B3-84A0-C2A4E9A845A8} = {91ABE5C8-BCBE-35B3-84A0-C2A4E9A845A8}
		{5580C577-DB35-3889-8214-CA6AE5B1486E} = {5580C577-DB35-3889-8214-CA6AE5B1486E}
		{105054A7-CC01-3E56-99D1-EAB6CCD792BC} = {105054A7-CC01-3E56-99D1-EAB6CCD792BC}
		{FE4D2597-2A3A-3A0F-BBD1-3F9A664C7DA6} = {FE4D2597-2A3A-3A0F-BBD1-3F9A664C7DA6}
	EndProjectSection
EndProject
Project("{8BC9CEB8-8B4A-11D0-8D11-00A0C91BC942}") = "ZERO_CHECK", "..\..\..\\ZERO_CHECK.vcxproj", "{23FE335D-8E5E-3AB8-A9AA-566A523B3D9A}"
	ProjectSection(ProjectDependencies) = postProject
	EndProjectSection
EndProject
Project("{8BC9CEB8-8B4A-11D0-8D11-00A0C91BC942}") = "cocos2d", "cocos2d.vcxproj", "{F0D325DF-629C-3A55-ACFF-2672FC2D5D0F}"
	ProjectSection(ProjectDependencies) = postProject
		{23FE335D-8E5E-3AB8-A9AA-566A523B3D9A} = {23FE335D-8E5E-3AB8-A9AA-566A523B3D9A}
		{3D1808A4-319B-3CDF-B765-BB19A488BF7D} = {3D1808A4-319B-3CDF-B765-BB19A488BF7D}
		{F43F31E5-50CD-3937-862D-6CC9E8EDD77A} = {F43F31E5-50CD-3937-862D-6CC9E8EDD77A}
		{AF90E60B-EF67-3EB7-9BE7-027E8D90744D} = {AF90E60B-EF67-3EB7-9BE7-027E8D90744D}
		{E5033FBB-DD73-3963-AA4E-50A5ABA09374} = {E5033FBB-DD73-3963-AA4E-50A5ABA09374}
		{6B63C5CB-0718-3683-AC58-D4DA0EC06E9D} = {6B63C5CB-0718-3683-AC58-D4DA0EC06E9D}
		{3FE94BAE-B109-3817-A449-80F204FFEB53} = {3FE94BAE-B109-3817-A449-80F204FFEB53}
		{A86613A0-5804-3610-8DE2-2C5E417F5E24} = {A86613A0-5804-3610-8DE2-2C5E417F5E24}
		{91ABE5C8-BCBE-35B3-84A0-C2A4E9A845A8} = {91ABE5C8-BCBE-35B3-84A0-C2A4E9A845A8}
		{5580C577-DB35-3889-8214-CA6AE5B1486E} = {5580C577-DB35-3889-8214-CA6AE5B1486E}
		{105054A7-CC01-3E56-99D1-EAB6CCD792BC} = {105054A7-CC01-3E56-99D1-EAB6CCD792BC}
		{FE4D2597-2A3A-3A0F-BBD1-3F9A664C7DA6} = {FE4D2597-2A3A-3A0F-BBD1-3F9A664C7DA6}
	EndProjectSection
EndProject
Project("{8BC9CEB8-8B4A-11D0-8D11-00A0C91BC942}") = "ext_clipper", "..\..\external\clipper\ext_clipper.vcxproj", "{3D1808A4-319B-3CDF-B765-BB19A488BF7D}"
	ProjectSection(ProjectDependencies) = postProject
		{23FE335D-8E5E-3AB8-A9AA-566A523B3D9A} = {23FE335D-8E5E-3AB8-A9AA-566A523B3D9A}
	EndProjectSection
EndProject
Project("{8BC9CEB8-8B4A-11D0-8D11-00A0C91BC942}") = "ext_convertUTF", "..\..\external\ConvertUTF\ext_convertUTF.vcxproj", "{F43F31E5-50CD-3937-862D-6CC9E8EDD77A}"
	ProjectSection(ProjectDependencies) = postProject
		{23FE335D-8E5E-3AB8-A9AA-566A523B3D9A} = {23FE335D-8E5E-3AB8-A9AA-566A523B3D9A}
	EndProjectSection
EndProject
Project("{8BC9CEB8-8B4A-11D0-8D11-00A0C91BC942}") = "ext_edtaa3func", "..\..\external\edtaa3func\ext_edtaa3func.vcxproj", "{AF90E60B-EF67-3EB7-9BE7-027E8D90744D}"
	ProjectSection(ProjectDependencies) = postProject
		{23FE335D-8E5E-3AB8-A9AA-566A523B3D9A} = {23FE335D-8E5E-3AB8-A9AA-566A523B3D9A}
	EndProjectSection
EndProject
Project("{8BC9CEB8-8B4A-11D0-8D11-00A0C91BC942}") = "ext_md5", "..\..\external\md5\ext_md5.vcxproj", "{E5033FBB-DD73-3963-AA4E-50A5ABA09374}"
	ProjectSection(ProjectDependencies) = postProject
		{23FE335D-8E5E-3AB8-A9AA-566A523B3D9A} = {23FE335D-8E5E-3AB8-A9AA-566A523B3D9A}
	EndProjectSection
EndProject
Project("{8BC9CEB8-8B4A-11D0-8D11-00A0C91BC942}") = "ext_poly2tri", "..\..\external\poly2tri\ext_poly2tri.vcxproj", "{6B63C5CB-0718-3683-AC58-D4DA0EC06E9D}"
	ProjectSection(ProjectDependencies) = postProject
		{23FE335D-8E5E-3AB8-A9AA-566A523B3D9A} = {23FE335D-8E5E-3AB8-A9AA-566A523B3D9A}
	EndProjectSection
EndProject
Project("{8BC9CEB8-8B4A-11D0-8D11-00A0C91BC942}") = "ext_recast", "..\..\external\recast\ext_recast.vcxproj", "{3FE94BAE-B109-3817-A449-80F204FFEB53}"
	ProjectSection(ProjectDependencies) = postProject
		{23FE335D-8E5E-3AB8-A9AA-566A523B3D9A} = {23FE335D-8E5E-3AB8-A9AA-566A523B3D9A}
	EndProjectSection
EndProject
Project("{8BC9CEB8-8B4A-11D0-8D11-00A0C91BC942}") = "ext_tinyxml2", "..\..\external\tinyxml2\ext_tinyxml2.vcxproj", "{A86613A0-5804-3610-8DE2-2C5E417F5E24}"
	ProjectSection(ProjectDependencies) = postProject
		{23FE335D-8E5E-3AB8-A9AA-566A523B3D9A} = {23FE335D-8E5E-3AB8-A9AA-566A523B3D9A}
	EndProjectSection
EndProject
Project("{8BC9CEB8-8B4A-11D0-8D11-00A0C91BC942}") = "ext_unzip", "..\..\external\unzip\ext_unzip.vcxproj", "{91ABE5C8-BCBE-35B3-84A0-C2A4E9A845A8}"
	ProjectSection(ProjectDependencies) = postProject
		{23FE335D-8E5E-3AB8-A9AA-566A523B3D9A} = {23FE335D-8E5E-3AB8-A9AA-566A523B3D9A}
	EndProjectSection
EndProject
Project("{8BC9CEB8-8B4A-11D0-8D11-00A0C91BC942}") = "ext_xxhash", "..\..\external\xxhash\ext_xxhash.vcxproj", "{5580C577-DB35-3889-8214-CA6AE5B1486E}"
	ProjectSection(ProjectDependencies) = postProject
		{23FE335D-8E5E-3AB8-A9AA-566A523B3D9A} = {23FE335D-8E5E-3AB8-A9AA-566A523B3D9A}
	EndProjectSection
EndProject
Project("{8BC9CEB8-8B4A-11D0-8D11-00A0C91BC942}") = "ext_xxtea", "..\..\external\xxtea\ext_xxtea.vcxproj", "{105054A7-CC01-3E56-99D1-EAB6CCD792BC}"
	ProjectSection(ProjectDependencies) = postProject
		{23FE335D-8E5E-3AB8-A9AA-566A523B3D9A} = {23FE335D-8E5E-3AB8-A9AA-566A523B3D9A}
	EndProjectSection
EndProject
Project("{8BC9CEB8-8B4A-11D0-8D11-00A0C91BC942}") = "external", "..\..\external\external.vcxproj", "{FE4D2597-2A3A-3A0F-BBD1-3F9A664C7DA6}"
	ProjectSection(ProjectDependencies) = postProject
		{23FE335D-8E5E-3AB8-A9AA-566A523B3D9A} = {23FE335D-8E5E-3AB8-A9AA-566A523B3D9A}
		{3D1808A4-319B-3CDF-B765-BB19A488BF7D} = {3D1808A4-319B-3CDF-B765-BB19A488BF7D}
		{F43F31E5-50CD-3937-862D-6CC9E8EDD77A} = {F43F31E5-50CD-3937-862D-6CC9E8EDD77A}
		{AF90E60B-EF67-3EB7-9BE7-027E8D90744D} = {AF90E60B-EF67-3EB7-9BE7-027E8D90744D}
		{E5033FBB-DD73-3963-AA4E-50A5ABA09374} = {E5033FBB-DD73-3963-AA4E-50A5ABA09374}
		{6B63C5CB-0718-3683-AC58-D4DA0EC06E9D} = {6B63C5CB-0718-3683-AC58-D4DA0EC06E9D}
		{3FE94BAE-B109-3817-A449-80F204FFEB53} = {3FE94BAE-B109-3817-A449-80F204FFEB53}
		{A86613A0-5804-3610-8DE2-2C5E417F5E24} = {A86613A0-5804-3610-8DE2-2C5E417F5E24}
		{91ABE5C8-BCBE-35B3-84A0-C2A4E9A845A8} = {91ABE5C8-BCBE-35B3-84A0-C2A4E9A845A8}
		{5580C577-DB35-3889-8214-CA6AE5B1486E} = {5580C577-DB35-3889-8214-CA6AE5B1486E}
		{105054A7-CC01-3E56-99D1-EAB6CCD792BC} = {105054A7-CC01-3E56-99D1-EAB6CCD792BC}
	EndProjectSection
EndProject
Global
	GlobalSection(SolutionConfigurationPlatforms) = preSolution
		Debug|Win32 = Debug|Win32
		Release|Win32 = Release|Win32
		MinSizeRel|Win32 = MinSizeRel|Win32
		RelWithDebInfo|Win32 = RelWithDebInfo|Win32
	EndGlobalSection
	GlobalSection(ProjectConfigurationPlatforms) = postSolution
		{7F0A3501-A11A-3526-920C-231E43C90185}.Debug|Win32.ActiveCfg = Debug|Win32
		{7F0A3501-A11A-3526-920C-231E43C90185}.Release|Win32.ActiveCfg = Release|Win32
		{7F0A3501-A11A-3526-920C-231E43C90185}.MinSizeRel|Win32.ActiveCfg = MinSizeRel|Win32
		{7F0A3501-A11A-3526-920C-231E43C90185}.RelWithDebInfo|Win32.ActiveCfg = RelWithDebInfo|Win32
		{23FE335D-8E5E-3AB8-A9AA-566A523B3D9A}.Debug|Win32.ActiveCfg = Debug|Win32
		{23FE335D-8E5E-3AB8-A9AA-566A523B3D9A}.Debug|Win32.Build.0 = Debug|Win32
		{23FE335D-8E5E-3AB8-A9AA-566A523B3D9A}.Release|Win32.ActiveCfg = Release|Win32
		{23FE335D-8E5E-3AB8-A9AA-566A523B3D9A}.Release|Win32.Build.0 = Release|Win32
		{23FE335D-8E5E-3AB8-A9AA-566A523B3D9A}.MinSizeRel|Win32.ActiveCfg = MinSizeRel|Win32
		{23FE335D-8E5E-3AB8-A9AA-566A523B3D9A}.MinSizeRel|Win32.Build.0 = MinSizeRel|Win32
		{23FE335D-8E5E-3AB8-A9AA-566A523B3D9A}.RelWithDebInfo|Win32.ActiveCfg = RelWithDebInfo|Win32
		{23FE335D-8E5E-3AB8-A9AA-566A523B3D9A}.RelWithDebInfo|Win32.Build.0 = RelWithDebInfo|Win32
		{F0D325DF-629C-3A55-ACFF-2672FC2D5D0F}.Debug|Win32.ActiveCfg = Debug|Win32
		{F0D325DF-629C-3A55-ACFF-2672FC2D5D0F}.Debug|Win32.Build.0 = Debug|Win32
		{F0D325DF-629C-3A55-ACFF-2672FC2D5D0F}.Release|Win32.ActiveCfg = Release|Win32
		{F0D325DF-629C-3A55-ACFF-2672FC2D5D0F}.Release|Win32.Build.0 = Release|Win32
		{F0D325DF-629C-3A55-ACFF-2672FC2D5D0F}.MinSizeRel|Win32.ActiveCfg = MinSizeRel|Win32
		{F0D325DF-629C-3A55-ACFF-2672FC2D5D0F}.MinSizeRel|Win32.Build.0 = MinSizeRel|Win32
		{F0D325DF-629C-3A55-ACFF-2672FC2D5D0F}.RelWithDebInfo|Win32.ActiveCfg = RelWithDebInfo|Win32
		{F0D325DF-629C-3A55-ACFF-2672FC2D5D0F}.RelWithDebInfo|Win32.Build.0 = RelWithDebInfo|Win32
		{3D1808A4-319B-3CDF-B765-BB19A488BF7D}.Debug|Win32.ActiveCfg = Debug|Win32
		{3D1808A4-319B-3CDF-B765-BB19A488BF7D}.Debug|Win32.Build.0 = Debug|Win32
		{3D1808A4-319B-3CDF-B765-BB19A488BF7D}.Release|Win32.ActiveCfg = Release|Win32
		{3D1808A4-319B-3CDF-B765-BB19A488BF7D}.Release|Win32.Build.0 = Release|Win32
		{3D1808A4-319B-3CDF-B765-BB19A488BF7D}.MinSizeRel|Win32.ActiveCfg = MinSizeRel|Win32
		{3D1808A4-319B-3CDF-B765-BB19A488BF7D}.MinSizeRel|Win32.Build.0 = MinSizeRel|Win32
		{3D1808A4-319B-3CDF-B765-BB19A488BF7D}.RelWithDebInfo|Win32.ActiveCfg = RelWithDebInfo|Win32
		{3D1808A4-319B-3CDF-B765-BB19A488BF7D}.RelWithDebInfo|Win32.Build.0 = RelWithDebInfo|Win32
		{F43F31E5-50CD-3937-862D-6CC9E8EDD77A}.Debug|Win32.ActiveCfg = Debug|Win32
		{F43F31E5-50CD-3937-862D-6CC9E8EDD77A}.Debug|Win32.Build.0 = Debug|Win32
		{F43F31E5-50CD-3937-862D-6CC9E8EDD77A}.Release|Win32.ActiveCfg = Release|Win32
		{F43F31E5-50CD-3937-862D-6CC9E8EDD77A}.Release|Win32.Build.0 = Release|Win32
		{F43F31E5-50CD-3937-862D-6CC9E8EDD77A}.MinSizeRel|Win32.ActiveCfg = MinSizeRel|Win32
		{F43F31E5-50CD-3937-862D-6CC9E8EDD77A}.MinSizeRel|Win32.Build.0 = MinSizeRel|Win32
		{F43F31E5-50CD-3937-862D-6CC9E8EDD77A}.RelWithDebInfo|Win32.ActiveCfg = RelWithDebInfo|Win32
		{F43F31E5-50CD-3937-862D-6CC9E8EDD77A}.RelWithDebInfo|Win32.Build.0 = RelWithDebInfo|Win32
		{AF90E60B-EF67-3EB7-9BE7-027E8D90744D}.Debug|Win32.ActiveCfg = Debug|Win32
		{AF90E60B-EF67-3EB7-9BE7-027E8D90744D}.Debug|Win32.Build.0 = Debug|Win32
		{AF90E60B-EF67-3EB7-9BE7-027E8D90744D}.Release|Win32.ActiveCfg = Release|Win32
		{AF90E60B-EF67-3EB7-9BE7-027E8D90744D}.Release|Win32.Build.0 = Release|Win32
		{AF90E60B-EF67-3EB7-9BE7-027E8D90744D}.MinSizeRel|Win32.ActiveCfg = MinSizeRel|Win32
		{AF90E60B-EF67-3EB7-9BE7-027E8D90744D}.MinSizeRel|Win32.Build.0 = MinSizeRel|Win32
		{AF90E60B-EF67-3EB7-9BE7-027E8D90744D}.RelWithDebInfo|Win32.ActiveCfg = RelWithDebInfo|Win32
		{AF90E60B-EF67-3EB7-9BE7-027E8D90744D}.RelWithDebInfo|Win32.Build.0 = RelWithDebInfo|Win32
		{E5033FBB-DD73-3963-AA4E-50A5ABA09374}.Debug|Win32.ActiveCfg = Debug|Win32
		{E5033FBB-DD73-3963-AA4E-50A5ABA09374}.Debug|Win32.Build.0 = Debug|Win32
		{E5033FBB-DD73-3963-AA4E-50A5ABA09374}.Release|Win32.ActiveCfg = Release|Win32
		{E5033FBB-DD73-3963-AA4E-50A5ABA09374}.Release|Win32.Build.0 = Release|Win32
		{E5033FBB-DD73-3963-AA4E-50A5ABA09374}.MinSizeRel|Win32.ActiveCfg = MinSizeRel|Win32
		{E5033FBB-DD73-3963-AA4E-50A5ABA09374}.MinSizeRel|Win32.Build.0 = MinSizeRel|Win32
		{E5033FBB-DD73-3963-AA4E-50A5ABA09374}.RelWithDebInfo|Win32.ActiveCfg = RelWithDebInfo|Win32
		{E5033FBB-DD73-3963-AA4E-50A5ABA09374}.RelWithDebInfo|Win32.Build.0 = RelWithDebInfo|Win32
		{6B63C5CB-0718-3683-AC58-D4DA0EC06E9D}.Debug|Win32.ActiveCfg = Debug|Win32
		{6B63C5CB-0718-3683-AC58-D4DA0EC06E9D}.Debug|Win32.Build.0 = Debug|Win32
		{6B63C5CB-0718-3683-AC58-D4DA0EC06E9D}.Release|Win32.ActiveCfg = Release|Win32
		{6B63C5CB-0718-3683-AC58-D4DA0EC06E9D}.Release|Win32.Build.0 = Release|Win32
		{6B63C5CB-0718-3683-AC58-D4DA0EC06E9D}.MinSizeRel|Win32.ActiveCfg = MinSizeRel|Win32
		{6B63C5CB-0718-3683-AC58-D4DA0EC06E9D}.MinSizeRel|Win32.Build.0 = MinSizeRel|Win32
		{6B63C5CB-0718-3683-AC58-D4DA0EC06E9D}.RelWithDebInfo|Win32.ActiveCfg = RelWithDebInfo|Win32
		{6B63C5CB-0718-3683-AC58-D4DA0EC06E9D}.RelWithDebInfo|Win32.Build.0 = RelWithDebInfo|Win32
		{3FE94BAE-B109-3817-A449-80F204FFEB53}.Debug|Win32.ActiveCfg = Debug|Win32
		{3FE94BAE-B109-3817-A449-80F204FFEB53}.Debug|Win32.Build.0 = Debug|Win32
		{3FE94BAE-B109-3817-A449-80F204FFEB53}.Release|Win32.ActiveCfg = Release|Win32
		{3FE94BAE-B109-3817-A449-80F204FFEB53}.Release|Win32.Build.0 = Release|Win32
		{3FE94BAE-B109-3817-A449-80F204FFEB53}.MinSizeRel|Win32.ActiveCfg = MinSizeRel|Win32
		{3FE94BAE-B109-3817-A449-80F204FFEB53}.MinSizeRel|Win32.Build.0 = MinSizeRel|Win32
		{3FE94BAE-B109-3817-A449-80F204FFEB53}.RelWithDebInfo|Win32.ActiveCfg = RelWithDebInfo|Win32
		{3FE94BAE-B109-3817-A449-80F204FFEB53}.RelWithDebInfo|Win32.Build.0 = RelWithDebInfo|Win32
		{A86613A0-5804-3610-8DE2-2C5E417F5E24}.Debug|Win32.ActiveCfg = Debug|Win32
		{A86613A0-5804-3610-8DE2-2C5E417F5E24}.Debug|Win32.Build.0 = Debug|Win32
		{A86613A0-5804-3610-8DE2-2C5E417F5E24}.Release|Win32.ActiveCfg = Release|Win32
		{A86613A0-5804-3610-8DE2-2C5E417F5E24}.Release|Win32.Build.0 = Release|Win32
		{A86613A0-5804-3610-8DE2-2C5E417F5E24}.MinSizeRel|Win32.ActiveCfg = MinSizeRel|Win32
		{A86613A0-5804-3610-8DE2-2C5E417F5E24}.MinSizeRel|Win32.Build.0 = MinSizeRel|Win32
		{A86613A0-5804-3610-8DE2-2C5E417F5E24}.RelWithDebInfo|Win32.ActiveCfg = RelWithDebInfo|Win32
		{A86613A0-5804-3610-8DE2-2C5E417F5E24}.RelWithDebInfo|Win32.Build.0 = RelWithDebInfo|Win32
		{91ABE5C8-BCBE-35B3-84A0-C2A4E9A845A8}.Debug|Win32.ActiveCfg = Debug|Win32
		{91ABE5C8-BCBE-35B3-84A0-C2A4E9A845A8}.Debug|Win32.Build.0 = Debug|Win32
		{91ABE5C8-BCBE-35B3-84A0-C2A4E9A845A8}.Release|Win32.ActiveCfg = Release|Win32
		{91ABE5C8-BCBE-35B3-84A0-C2A4E9A845A8}.Release|Win32.Build.0 = Release|Win32
		{91ABE5C8-BCBE-35B3-84A0-C2A4E9A845A8}.MinSizeRel|Win32.ActiveCfg = MinSizeRel|Win32
		{91ABE5C8-BCBE-35B3-84A0-C2A4E9A845A8}.MinSizeRel|Win32.Build.0 = MinSizeRel|Win32
		{91ABE5C8-BCBE-35B3-84A0-C2A4E9A845A8}.RelWithDebInfo|Win32.ActiveCfg = RelWithDebInfo|Win32
		{91ABE5C8-BCBE-35B3-84A0-C2A4E9A845A8}.RelWithDebInfo|Win32.Build.0 = RelWithDebInfo|Win32
		{5580C577-DB35-3889-8214-CA6AE5B1486E}.Debug|Win32.ActiveCfg = Debug|Win32
		{5580C577-DB35-3889-8214-CA6AE5B1486E}.Debug|Win32.Build.0 = Debug|Win32
		{5580C577-DB35-3889-8214-CA6AE5B1486E}.Release|Win32.ActiveCfg = Release|Win32
		{5580C577-DB35-3889-8214-CA6AE5B1486E}.Release|Win32.Build.0 = Release|Win32
		{5580C577-DB35-3889-8214-CA6AE5B1486E}.MinSizeRel|Win32.ActiveCfg = MinSizeRel|Win32
		{5580C577-DB35-3889-8214-CA6AE5B1486E}.MinSizeRel|Win32.Build.0 = MinSizeRel|Win32
		{5580C577-DB35-3889-8214-CA6AE5B1486E}.RelWithDebInfo|Win32.ActiveCfg = RelWithDebInfo|Win32
		{5580C577-DB35-3889-8214-CA6AE5B1486E}.RelWithDebInfo|Win32.Build.0 = RelWithDebInfo|Win32
		{105054A7-CC01-3E56-99D1-EAB6CCD792BC}.Debug|Win32.ActiveCfg = Debug|Win32
		{105054A7-CC01-3E56-99D1-EAB6CCD792BC}.Debug|Win32.Build.0 = Debug|Win32
		{105054A7-CC01-3E56-99D1-EAB6CCD792BC}.Release|Win32.ActiveCfg = Release|Win32
		{105054A7-CC01-3E56-99D1-EAB6CCD792BC}.Release|Win32.Build.0 = Release|Win32
		{105054A7-CC01-3E56-99D1-EAB6CCD792BC}.MinSizeRel|Win32.ActiveCfg = MinSizeRel|Win32
		{105054A7-CC01-3E56-99D1-EAB6CCD792BC}.MinSizeRel|Win32.Build.0 = MinSizeRel|Win32
		{105054A7-CC01-3E56-99D1-EAB6CCD792BC}.RelWithDebInfo|Win32.ActiveCfg = RelWithDebInfo|Win32
		{105054A7-CC01-3E56-99D1-EAB6CCD792BC}.RelWithDebInfo|Win32.Build.0 = RelWithDebInfo|Win32
		{FE4D2597-2A3A-3A0F-BBD1-3F9A664C7DA6}.Debug|Win32.ActiveCfg = Debug|Win32
		{FE4D2597-2A3A-3A0F-BBD1-3F9A664C7DA6}.Debug|Win32.Build.0 = Debug|Win32
		{FE4D2597-2A3A-3A0F-BBD1-3F9A664C7DA6}.Release|Win32.ActiveCfg = Release|Win32
		{FE4D2597-2A3A-3A0F-BBD1-3F9A664C7DA6}.Release|Win32.Build.0 = Release|Win32
		{FE4D2597-2A3A-3A0F-BBD1-3F9A664C7DA6}.MinSizeRel|Win32.ActiveCfg = MinSizeRel|Win32
		{FE4D2597-2A3A-3A0F-BBD1-3F9A664C7DA6}.MinSizeRel|Win32.Build.0 = MinSizeRel|Win32
		{FE4D2597-2A3A-3A0F-BBD1-3F9A664C7DA6}.RelWithDebInfo|Win32.ActiveCfg = RelWithDebInfo|Win32
		{FE4D2597-2A3A-3A0F-BBD1-3F9A664C7DA6}.RelWithDebInfo|Win32.Build.0 = RelWithDebInfo|Win32
	EndGlobalSection
	GlobalSection(NestedProjects) = preSolution
		{7F0A3501-A11A-3526-920C-231E43C90185} = {1178F4FA-A493-3450-BB84-5E04B06D11D9}
		{23FE335D-8E5E-3AB8-A9AA-566A523B3D9A} = {1178F4FA-A493-3450-BB84-5E04B06D11D9}
		{3D1808A4-319B-3CDF-B765-BB19A488BF7D} = {C72778D4-F371-327B-815C-6EC6F40B1A3E}
		{F43F31E5-50CD-3937-862D-6CC9E8EDD77A} = {C72778D4-F371-327B-815C-6EC6F40B1A3E}
		{AF90E60B-EF67-3EB7-9BE7-027E8D90744D} = {C72778D4-F371-327B-815C-6EC6F40B1A3E}
		{E5033FBB-DD73-3963-AA4E-50A5ABA09374} = {C72778D4-F371-327B-815C-6EC6F40B1A3E}
		{6B63C5CB-0718-3683-AC58-D4DA0EC06E9D} = {C72778D4-F371-327B-815C-6EC6F40B1A3E}
		{3FE94BAE-B109-3817-A449-80F204FFEB53} = {C72778D4-F371-327B-815C-6EC6F40B1A3E}
		{A86613A0-5804-3610-8DE2-2C5E417F5E24} = {C72778D4-F371-327B-815C-6EC6F40B1A3E}
		{91ABE5C8-BCBE-35B3-84A0-C2A4E9A845A8} = {C72778D4-F371-327B-815C-6EC6F40B1A3E}
		{5580C577-DB35-3889-8214-CA6AE5B1486E} = {C72778D4-F371-327B-815C-6EC6F40B1A3E}
		{105054A7-CC01-3E56-99D1-EAB6CCD792BC} = {C72778D4-F371-327B-815C-6EC6F40B1A3E}
		{FE4D2597-2A3A-3A0F-BBD1-3F9A664C7DA6} = {C72778D4-F371-327B-815C-6EC6F40B1A3E}
		{F0D325DF-629C-3A55-ACFF-2672FC2D5D0F} = {E36E57AE-DE9E-34C6-9A71-79997D68205C}
	EndGlobalSection
	GlobalSection(ExtensibilityGlobals) = postSolution
		SolutionGuid = {06A59833-0D6B-380A-B6AE-43286EF184C4}
	EndGlobalSection
	GlobalSection(ExtensibilityAddIns) = postSolution
	EndGlobalSection
EndGlobal
